# This file was autogenerated by Stack.
# You should not edit this file by hand.
# For more information, please see the documentation at:
#   https://docs.haskellstack.org/en/stable/lock_files

packages:
- completed:
    cabal-file:
      size: 2505
      sha256: 90fa03cd0fa90ae87aaef73f3f4d0ce5261b895287e8856798a0dbc6f526e5d5
    name: hd-tree-secp256k1
    version: 0.0.0
    git: git@github.com:afg419/hd-tree-secp256k1.git
    pantry-tree:
      size: 932
      sha256: 21693fa07e66d59e21bedf9164a9da27c4fd8c3b84cdf613e40ab0dce1818395
    commit: 17151b2c081c59ce9b68b89419781cd82f3684aa
  original:
    git: git@github.com:afg419/hd-tree-secp256k1.git
    commit: 17151b2c081c59ce9b68b89419781cd82f3684aa
snapshots:
- completed:
    size: 499889
    url: https://raw.githubusercontent.com/commercialhaskell/stackage-snapshots/master/lts/13/26.yaml
    sha256: ecb02ee16829df8d7219e7d7fe6c310819820bf335b0b9534bce84d3ea896684
  original: lts-13.26
