# This file was autogenerated by Stack.
# You should not edit this file by hand.
# For more information, please see the documentation at:
#   https://docs.haskellstack.org/en/stable/lock_files

packages:
- completed:
    cabal-file:
      size: 2477
      sha256: ce34d878033c866a1c9ce19ed49c837baff4e4e25b596e51eb0999307d8e915c
    name: hd-tree-secp256k1
    version: 0.0.0
    git: git@github.com:CaptJakk/hd-tree-secp256k1.git
    pantry-tree:
      size: 932
      sha256: 163e51f0c562dd448cfe6a2a1ae733f954707e8e229036d54e92b990481caaee
    commit: c6fc333c97cda2bb0cea275ced3e0dd90bfad82c
  original:
    git: git@github.com:CaptJakk/hd-tree-secp256k1.git
    commit: c6fc333c97cda2bb0cea275ced3e0dd90bfad82c
- completed:
    hackage: base58-bytestring-0.1.0@sha256:a1da72ee89d5450bac1c792d9fcbe95ed7154ab7246f2172b57bd4fd9b5eab79,1913
    pantry-tree:
      size: 419
      sha256: 053784f8edef6433518c873a7c502dc75348f812e2384e1306f90467ea54f40b
  original:
    hackage: base58-bytestring-0.1.0
- completed:
    hackage: secp256k1-1.1.2@sha256:dab011a3c6adfe0771f77cd0d406f3c4427f5169d53769a92babc5721b329117,1919
    pantry-tree:
      size: 593
      sha256: cd2921868cfea0f27c93a05791008f49038a9243e1d508eb7fcb50b7f13c6c6a
  original:
    hackage: secp256k1-1.1.2
snapshots:
- completed:
    size: 507599
    url: https://raw.githubusercontent.com/commercialhaskell/stackage-snapshots/master/lts/11/11.yaml
    sha256: 5ec0a1ff4dadde524eb529784556bcc32014422fd1e1ed91231c59f001e92ca9
  original: lts-11.11
